<?xml version="1.0" encoding="utf-8"?>
<Project ToolsVersion="4.0" xmlns="http://schemas.microsoft.com/developer/msbuild/2003">
  <ItemGroup>
    <Filter Include="Source Files">
      <UniqueIdentifier>{4FC737F1-C7A5-4376-A066-2A32D752A2FF}</UniqueIdentifier>
      <Extensions>cpp;c;cc;cxx;c++;cppm;ixx;def;odl;idl;hpj;bat;asm;asmx</Extensions>
    </Filter>
    <Filter Include="Header Files">
      <UniqueIdentifier>{93995380-89BD-4b04-88EB-625FBE52EBFB}</UniqueIdentifier>
      <Extensions>h;hh;hpp;hxx;h++;hm;inl;inc;ipp;xsd</Extensions>
    </Filter>
    <Filter Include="Resource Files">
      <UniqueIdentifier>{67DA6AB6-F800-4c08-8B7A-83BB121AAD01}</UniqueIdentifier>
      <Extensions>rc;ico;cur;bmp;dlg;rc2;rct;bin;rgs;gif;jpg;jpeg;jpe;resx;tiff;tif;png;wav;mfcribbon-ms</Extensions>
    </Filter>
    <Filter Include="shaders">
      <UniqueIdentifier>{de3bd610-2d4e-4b8a-9131-e4d2294361c1}</UniqueIdentifier>
    </Filter>
    <Filter Include="models">
      <UniqueIdentifier>{956534da-cb95-4825-b7da-73c73bfe1741}</UniqueIdentifier>
    </Filter>
  </ItemGroup>
  <ItemGroup>
    <ClCompile Include="main.cpp">
      <Filter>Source Files</Filter>
    </ClCompile>
    <ClCompile Include="fve_window.hpp">
      <Filter>Header Files</Filter>
    </ClCompile>
    <ClCompile Include="fve_window.cpp">
      <Filter>Source Files</Filter>
    </ClCompile>
    <ClCompile Include="first_app.cpp">
      <Filter>Source Files</Filter>
    </ClCompile>
    <ClCompile Include="fve_pipeline.cpp">
      <Filter>Source Files</Filter>
    </ClCompile>
    <ClCompile Include="fve_device.cpp">
      <Filter>Source Files</Filter>
    </ClCompile>
    <ClCompile Include="fve_swap_chain.cpp">
      <Filter>Source Files</Filter>
    </ClCompile>
    <ClCompile Include="fve_model.cpp">
      <Filter>Source Files</Filter>
    </ClCompile>
    <ClCompile Include="fve_renderer.cpp">
      <Filter>Source Files</Filter>
    </ClCompile>
    <ClCompile Include="simple_render_system.cpp">
      <Filter>Source Files</Filter>
    </ClCompile>
    <ClCompile Include="fve_camera.cpp">
      <Filter>Source Files</Filter>
    </ClCompile>
    <ClCompile Include="movement_controller.hpp">
      <Filter>Header Files</Filter>
    </ClCompile>
    <ClCompile Include="movement_controller.cpp">
      <Filter>Source Files</Filter>
    </ClCompile>
    <ClCompile Include="fve_game_object.cpp">
      <Filter>Source Files</Filter>
    </ClCompile>
    <ClCompile Include="fve_buffer.cpp">
      <Filter>Source Files</Filter>
    </ClCompile>
    <ClCompile Include="fve_frame_info.hpp">
      <Filter>Header Files</Filter>
    </ClCompile>
    <ClCompile Include="fve_descriptors.cpp">
      <Filter>Source Files</Filter>
    </ClCompile>
  </ItemGroup>
  <ItemGroup>
    <ClInclude Include="first_app.h">
      <Filter>Header Files</Filter>
    </ClInclude>
    <ClInclude Include="fve_pipeline.h">
      <Filter>Header Files</Filter>
    </ClInclude>
    <ClInclude Include="fve_device.hpp">
      <Filter>Header Files</Filter>
    </ClInclude>
    <ClInclude Include="fve_swap_chain.h">
      <Filter>Header Files</Filter>
    </ClInclude>
    <ClInclude Include="fve_model.hpp">
      <Filter>Header Files</Filter>
    </ClInclude>
    <ClInclude Include="fve_game_object.hpp">
      <Filter>Header Files</Filter>
    </ClInclude>
    <ClInclude Include="fve_renderer.hpp">
      <Filter>Header Files</Filter>
    </ClInclude>
    <ClInclude Include="simple_render_system.hpp">
      <Filter>Header Files</Filter>
    </ClInclude>
    <ClInclude Include="fve_camera.hpp">
      <Filter>Header Files</Filter>
    </ClInclude>
    <ClInclude Include="fve_utils.hpp">
      <Filter>Header Files</Filter>
    </ClInclude>
    <ClInclude Include="fve_buffer.hpp">
      <Filter>Header Files</Filter>
    </ClInclude>
    <ClInclude Include="fve_descriptors.hpp">
      <Filter>Header Files</Filter>
    </ClInclude>
  </ItemGroup>
  <ItemGroup>
    <None Include="shaders\simple_shader.frag">
      <Filter>shaders</Filter>
    </None>
    <None Include="shaders\simple_shader.vert">
      <Filter>shaders</Filter>
    </None>
  </ItemGroup>
</Project>